# Generated by pub
# See http://pub.dartlang.org/doc/glossary.html#lockfile
packages:
  dartlero:
    description:
      ref: null
      resolved-ref: a5ddbe49c7a576505096a3bca858b3b33f71d781
      url: "git://github.com/dzenanr/dartlero.git"
    source: git
    version: "0.1.0"
  meta:
    description: meta
    source: hosted
    version: "0.8.8"
  path:
    description: path
    source: hosted
    version: "0.8.10+3"
  stack_trace:
    description: stack_trace
    source: hosted
    version: "0.8.10+3"
  unittest:
    description: unittest
    source: hosted
    version: "0.8.10+3"
